
Microsoft Visual Studio Solution File, Format Version 12.00
# Visual Studio Version 17
VisualStudioVersion = 17.0.31903.59
MinimumVisualStudioVersion = 10.0.40219.1
Project("{9A19103F-16F7-4668-BE54-9A1E7A4F7556}") = "Sakany.Presentation", "Sakany.Presentation\Sakany.Presentation.csproj", "{0EA5DE10-7B6A-4C60-8E52-66278BE2918D}"
EndProject
Project("{9A19103F-16F7-4668-BE54-9A1E7A4F7556}") = "Sakany.Domain", "Sakany.Domain\Sakany.Domain.csproj", "{A46E142E-AF0A-4318-BD9D-34C55AF3491B}"
EndProject
Project("{9A19103F-16F7-4668-BE54-9A1E7A4F7556}") = "Sakany.Infrastructure", "Sakany.Infrastructure\Sakany.Infrastructure.csproj", "{73DE6554-C64E-4F9D-8039-4F63B54DAD05}"
EndProject
Project("{9A19103F-16F7-4668-BE54-9A1E7A4F7556}") = "Sakany.Persistence", "Sakany.Persistence\Sakany.Persistence.csproj", "{AF73A207-D35E-40F8-9418-5069F29A5BC3}"
EndProject
Project("{9A19103F-16F7-4668-BE54-9A1E7A4F7556}") = "Sakany.Application", "Sakany.Application\Sakany.Application.csproj", "{36BD0356-58A9-44D9-9BD4-705BB9DF0C8C}"
EndProject
Project("{9A19103F-16F7-4668-BE54-9A1E7A4F7556}") = "Sakany.Shared", "Sakany.Shared\Sakany.Shared.csproj", "{2C38BCFE-279E-4DF4-B79E-CD99876E3D0B}"
EndProject
Project("{E53339B2-1760-4266-BCC7-CA923CBCF16C}") = "docker-compose", "docker-compose.dcproj", "{F4C8A9F2-D962-44CF-9F80-C5B3D9C324D1}"
EndProject
Global
	GlobalSection(SolutionConfigurationPlatforms) = preSolution
		Debug|Any CPU = Debug|Any CPU
		Release|Any CPU = Release|Any CPU
	EndGlobalSection
	GlobalSection(ProjectConfigurationPlatforms) = postSolution
		{0EA5DE10-7B6A-4C60-8E52-66278BE2918D}.Debug|Any CPU.ActiveCfg = Debug|Any CPU
		{0EA5DE10-7B6A-4C60-8E52-66278BE2918D}.Debug|Any CPU.Build.0 = Debug|Any CPU
		{0EA5DE10-7B6A-4C60-8E52-66278BE2918D}.Release|Any CPU.ActiveCfg = Release|Any CPU
		{0EA5DE10-7B6A-4C60-8E52-66278BE2918D}.Release|Any CPU.Build.0 = Release|Any CPU
		{A46E142E-AF0A-4318-BD9D-34C55AF3491B}.Debug|Any CPU.ActiveCfg = Debug|Any CPU
		{A46E142E-AF0A-4318-BD9D-34C55AF3491B}.Debug|Any CPU.Build.0 = Debug|Any CPU
		{A46E142E-AF0A-4318-BD9D-34C55AF3491B}.Release|Any CPU.ActiveCfg = Release|Any CPU
		{A46E142E-AF0A-4318-BD9D-34C55AF3491B}.Release|Any CPU.Build.0 = Release|Any CPU
		{73DE6554-C64E-4F9D-8039-4F63B54DAD05}.Debug|Any CPU.ActiveCfg = Debug|Any CPU
		{73DE6554-C64E-4F9D-8039-4F63B54DAD05}.Debug|Any CPU.Build.0 = Debug|Any CPU
		{73DE6554-C64E-4F9D-8039-4F63B54DAD05}.Release|Any CPU.ActiveCfg = Release|Any CPU
		{73DE6554-C64E-4F9D-8039-4F63B54DAD05}.Release|Any CPU.Build.0 = Release|Any CPU
		{AF73A207-D35E-40F8-9418-5069F29A5BC3}.Debug|Any CPU.ActiveCfg = Debug|Any CPU
		{AF73A207-D35E-40F8-9418-5069F29A5BC3}.Debug|Any CPU.Build.0 = Debug|Any CPU
		{AF73A207-D35E-40F8-9418-5069F29A5BC3}.Release|Any CPU.ActiveCfg = Release|Any CPU
		{AF73A207-D35E-40F8-9418-5069F29A5BC3}.Release|Any CPU.Build.0 = Release|Any CPU
		{36BD0356-58A9-44D9-9BD4-705BB9DF0C8C}.Debug|Any CPU.ActiveCfg = Debug|Any CPU
		{36BD0356-58A9-44D9-9BD4-705BB9DF0C8C}.Debug|Any CPU.Build.0 = Debug|Any CPU
		{36BD0356-58A9-44D9-9BD4-705BB9DF0C8C}.Release|Any CPU.ActiveCfg = Release|Any CPU
		{36BD0356-58A9-44D9-9BD4-705BB9DF0C8C}.Release|Any CPU.Build.0 = Release|Any CPU
		{2C38BCFE-279E-4DF4-B79E-CD99876E3D0B}.Debug|Any CPU.ActiveCfg = Debug|Any CPU
		{2C38BCFE-279E-4DF4-B79E-CD99876E3D0B}.Debug|Any CPU.Build.0 = Debug|Any CPU
		{2C38BCFE-279E-4DF4-B79E-CD99876E3D0B}.Release|Any CPU.ActiveCfg = Release|Any CPU
		{2C38BCFE-279E-4DF4-B79E-CD99876E3D0B}.Release|Any CPU.Build.0 = Release|Any CPU
		{F4C8A9F2-D962-44CF-9F80-C5B3D9C324D1}.Debug|Any CPU.ActiveCfg = Debug|Any CPU
		{F4C8A9F2-D962-44CF-9F80-C5B3D9C324D1}.Debug|Any CPU.Build.0 = Debug|Any CPU
		{F4C8A9F2-D962-44CF-9F80-C5B3D9C324D1}.Release|Any CPU.ActiveCfg = Release|Any CPU
		{F4C8A9F2-D962-44CF-9F80-C5B3D9C324D1}.Release|Any CPU.Build.0 = Release|Any CPU
	EndGlobalSection
	GlobalSection(SolutionProperties) = preSolution
		HideSolutionNode = FALSE
	EndGlobalSection
	GlobalSection(ExtensibilityGlobals) = postSolution
		SolutionGuid = {867954C3-6299-4048-8CCD-D7B990742C76}
	EndGlobalSection
EndGlobal
